// !$*UTF8*$!
{
	archiveVersion = 1;
	classes = {
	};
	objectVersion = 50;
	objects = {

/* Begin PBXBuildFile section */
		B70CB20E233E507C00B8A50A /* TipCalculator.swift in Sources */ = {isa = PBXBuildFile; fileRef = B70CB20D233E507C00B8A50A /* TipCalculator.swift */; };
		B7F904EE233BE65E00BAB468 /* AppDelegate.swift in Sources */ = {isa = PBXBuildFile; fileRef = B7F904ED233BE65E00BAB468 /* AppDelegate.swift */; };
		B7F904F0233BE65E00BAB468 /* SceneDelegate.swift in Sources */ = {isa = PBXBuildFile; fileRef = B7F904EF233BE65E00BAB468 /* SceneDelegate.swift */; };
		B7F904F2233BE65E00BAB468 /* ViewController.swift in Sources */ = {isa = PBXBuildFile; fileRef = B7F904F1233BE65E00BAB468 /* ViewController.swift */; };
		B7F904F5233BE65E00BAB468 /* Main.storyboard in Resources */ = {isa = PBXBuildFile; fileRef = B7F904F3233BE65E00BAB468 /* Main.storyboard */; };
		B7F904F7233BE65F00BAB468 /* Assets.xcassets in Resources */ = {isa = PBXBuildFile; fileRef = B7F904F6233BE65F00BAB468 /* Assets.xcassets */; };
		B7F904FA233BE65F00BAB468 /* LaunchScreen.storyboard in Resources */ = {isa = PBXBuildFile; fileRef = B7F904F8233BE65F00BAB468 /* LaunchScreen.storyboard */; };
		B7F90505233BE65F00BAB468 /* Tip__CalculatorTests.swift in Sources */ = {isa = PBXBuildFile; fileRef = B7F90504233BE65F00BAB468 /* Tip__CalculatorTests.swift */; };
/* End PBXBuildFile section */

/* Begin PBXContainerItemProxy section */
		B7F90501233BE65F00BAB468 /* PBXContainerItemProxy */ = {
			isa = PBXContainerItemProxy;
			containerPortal = B7F904E2233BE65E00BAB468 /* Project object */;
			proxyType = 1;
			remoteGlobalIDString = B7F904E9233BE65E00BAB468;
			remoteInfo = Tip__Calculator;
		};
/* End PBXContainerItemProxy section */

/* Begin PBXFileReference section */
		B70CB20D233E507C00B8A50A /* TipCalculator.swift */ = {isa = PBXFileReference; lastKnownFileType = sourcecode.swift; path = TipCalculator.swift; sourceTree = "<group>"; };
		B7F904EA233BE65E00BAB468 /* Tip__Calculator.app */ = {isa = PBXFileReference; explicitFileType = wrapper.application; includeInIndex = 0; path = Tip__Calculator.app; sourceTree = BUILT_PRODUCTS_DIR; };
		B7F904ED233BE65E00BAB468 /* AppDelegate.swift */ = {isa = PBXFileReference; lastKnownFileType = sourcecode.swift; path = AppDelegate.swift; sourceTree = "<group>"; };
		B7F904EF233BE65E00BAB468 /* SceneDelegate.swift */ = {isa = PBXFileReference; lastKnownFileType = sourcecode.swift; path = SceneDelegate.swift; sourceTree = "<group>"; };
		B7F904F1233BE65E00BAB468 /* ViewController.swift */ = {isa = PBXFileReference; lastKnownFileType = sourcecode.swift; path = ViewController.swift; sourceTree = "<group>"; };
		B7F904F4233BE65E00BAB468 /* Base */ = {isa = PBXFileReference; lastKnownFileType = file.storyboard; name = Base; path = Base.lproj/Main.storyboard; sourceTree = "<group>"; };
		B7F904F6233BE65F00BAB468 /* Assets.xcassets */ = {isa = PBXFileReference; lastKnownFileType = folder.assetcatalog; path = Assets.xcassets; sourceTree = "<group>"; };
		B7F904F9233BE65F00BAB468 /* Base */ = {isa = PBXFileReference; lastKnownFileType = file.storyboard; name = Base; path = Base.lproj/LaunchScreen.storyboard; sourceTree = "<group>"; };
		B7F904FB233BE65F00BAB468 /* Info.plist */ = {isa = PBXFileReference; lastKnownFileType = text.plist.xml; path = Info.plist; sourceTree = "<group>"; };
		B7F90500233BE65F00BAB468 /* Tip__CalculatorTests.xctest */ = {isa = PBXFileReference; explicitFileType = wrapper.cfbundle; includeInIndex = 0; path = Tip__CalculatorTests.xctest; sourceTree = BUILT_PRODUCTS_DIR; };
		B7F90504233BE65F00BAB468 /* Tip__CalculatorTests.swift */ = {isa = PBXFileReference; lastKnownFileType = sourcecode.swift; path = Tip__CalculatorTests.swift; sourceTree = "<group>"; };
		B7F90506233BE65F00BAB468 /* Info.plist */ = {isa = PBXFileReference; lastKnownFileType = text.plist.xml; path = Info.plist; sourceTree = "<group>"; };
/* End PBXFileReference section */

/* Begin PBXFrameworksBuildPhase section */
		B7F904E7233BE65E00BAB468 /* Frameworks */ = {
			isa = PBXFrameworksBuildPhase;
			buildActionMask = 2147483647;
			files = (
			);
			runOnlyForDeploymentPostprocessing = 0;
		};
		B7F904FD233BE65F00BAB468 /* Frameworks */ = {
			isa = PBXFrameworksBuildPhase;
			buildActionMask = 2147483647;
			files = (
			);
			runOnlyForDeploymentPostprocessing = 0;
		};
/* End PBXFrameworksBuildPhase section */

/* Begin PBXGroup section */
		B7F904E1233BE65E00BAB468 = {
			isa = PBXGroup;
			children = (
				B7F904EC233BE65E00BAB468 /* Tip__Calculator */,
				B7F90503233BE65F00BAB468 /* Tip__CalculatorTests */,
				B7F904EB233BE65E00BAB468 /* Products */,
			);
			sourceTree = "<group>";
		};
		B7F904EB233BE65E00BAB468 /* Products */ = {
			isa = PBXGroup;
			children = (
				B7F904EA233BE65E00BAB468 /* Tip__Calculator.app */,
				B7F90500233BE65F00BAB468 /* Tip__CalculatorTests.xctest */,
			);
			name = Products;
			sourceTree = "<group>";
		};
		B7F904EC233BE65E00BAB468 /* Tip__Calculator */ = {
			isa = PBXGroup;
			children = (
				B7F904ED233BE65E00BAB468 /* AppDelegate.swift */,
				B7F904EF233BE65E00BAB468 /* SceneDelegate.swift */,
				B7F904F1233BE65E00BAB468 /* ViewController.swift */,
				B70CB20D233E507C00B8A50A /* TipCalculator.swift */,
				B7F904F3233BE65E00BAB468 /* Main.storyboard */,
				B7F904F6233BE65F00BAB468 /* Assets.xcassets */,
				B7F904F8233BE65F00BAB468 /* LaunchScreen.storyboard */,
				B7F904FB233BE65F00BAB468 /* Info.plist */,
			);
			path = Tip__Calculator;
			sourceTree = "<group>";
		};
		B7F90503233BE65F00BAB468 /* Tip__CalculatorTests */ = {
			isa = PBXGroup;
			children = (
				B7F90504233BE65F00BAB468 /* Tip__CalculatorTests.swift */,
				B7F90506233BE65F00BAB468 /* Info.plist */,
			);
			path = Tip__CalculatorTests;
			sourceTree = "<group>";
		};
/* End PBXGroup section */

/* Begin PBXNativeTarget section */
		B7F904E9233BE65E00BAB468 /* Tip__Calculator */ = {
			isa = PBXNativeTarget;
			buildConfigurationList = B7F90509233BE65F00BAB468 /* Build configuration list for PBXNativeTarget "Tip__Calculator" */;
			buildPhases = (
				B7F904E6233BE65E00BAB468 /* Sources */,
				B7F904E7233BE65E00BAB468 /* Frameworks */,
				B7F904E8233BE65E00BAB468 /* Resources */,
			);
			buildRules = (
			);
			dependencies = (
			);
			name = Tip__Calculator;
			productName = Tip__Calculator;
			productReference = B7F904EA233BE65E00BAB468 /* Tip__Calculator.app */;
			productType = "com.apple.product-type.application";
		};
		B7F904FF233BE65F00BAB468 /* Tip__CalculatorTests */ = {
			isa = PBXNativeTarget;
			buildConfigurationList = B7F9050C233BE65F00BAB468 /* Build configuration list for PBXNativeTarget "Tip__CalculatorTests" */;
			buildPhases = (
				B7F904FC233BE65F00BAB468 /* Sources */,
				B7F904FD233BE65F00BAB468 /* Frameworks */,
				B7F904FE233BE65F00BAB468 /* Resources */,
			);
			buildRules = (
			);
			dependencies = (
				B7F90502233BE65F00BAB468 /* PBXTargetDependency */,
			);
			name = Tip__CalculatorTests;
			productName = Tip__CalculatorTests;
			productReference = B7F90500233BE65F00BAB468 /* Tip__CalculatorTests.xctest */;
			productType = "com.apple.product-type.bundle.unit-test";
		};
/* End PBXNativeTarget section */

/* Begin PBXProject section */
		B7F904E2233BE65E00BAB468 /* Project object */ = {
			isa = PBXProject;
			attributes = {
				LastSwiftUpdateCheck = 1100;
				LastUpgradeCheck = 1100;
				ORGANIZATIONNAME = "Alex Towers";
				TargetAttributes = {
					B7F904E9233BE65E00BAB468 = {
						CreatedOnToolsVersion = 11.0;
					};
					B7F904FF233BE65F00BAB468 = {
						CreatedOnToolsVersion = 11.0;
						TestTargetID = B7F904E9233BE65E00BAB468;
					};
				};
			};
			buildConfigurationList = B7F904E5233BE65E00BAB468 /* Build configuration list for PBXProject "Tip__Calculator" */;
			compatibilityVersion = "Xcode 9.3";
			developmentRegion = en;
			hasScannedForEncodings = 0;
			knownRegions = (
				en,
				Base,
			);
			mainGroup = B7F904E1233BE65E00BAB468;
			productRefGroup = B7F904EB233BE65E00BAB468 /* Products */;
			projectDirPath = "";
			projectRoot = "";
			targets = (
				B7F904E9233BE65E00BAB468 /* Tip__Calculator */,
				B7F904FF233BE65F00BAB468 /* Tip__CalculatorTests */,
			);
		};
/* End PBXProject section */

/* Begin PBXResourcesBuildPhase section */
		B7F904E8233BE65E00BAB468 /* Resources */ = {
			isa = PBXResourcesBuildPhase;
			buildActionMask = 2147483647;
			files = (
				B7F904FA233BE65F00BAB468 /* LaunchScreen.storyboard in Resources */,
				B7F904F7233BE65F00BAB468 /* Assets.xcassets in Resources */,
				B7F904F5233BE65E00BAB468 /* Main.storyboard in Resources */,
			);
			runOnlyForDeploymentPostprocessing = 0;
		};
		B7F904FE233BE65F00BAB468 /* Resources */ = {
			isa = PBXResourcesBuildPhase;
			buildActionMask = 2147483647;
			files = (
			);
			runOnlyForDeploymentPostprocessing = 0;
		};
/* End PBXResourcesBuildPhase section */

/* Begin PBXSourcesBuildPhase section */
		B7F904E6233BE65E00BAB468 /* Sources */ = {
			isa = PBXSourcesBuildPhase;
			buildActionMask = 2147483647;
			files = (
				B7F904F2233BE65E00BAB468 /* ViewController.swift in Sources */,
				B70CB20E233E507C00B8A50A /* TipCalculator.swift in Sources */,
				B7F904EE233BE65E00BAB468 /* AppDelegate.swift in Sources */,
				B7F904F0233BE65E00BAB468 /* SceneDelegate.swift in Sources */,
			);
			runOnlyForDeploymentPostprocessing = 0;
		};
		B7F904FC233BE65F00BAB468 /* Sources */ = {
			isa = PBXSourcesBuildPhase;
			buildActionMask = 2147483647;
			files = (
				B7F90505233BE65F00BAB468 /* Tip__CalculatorTests.swift in Sources */,
			);
			runOnlyForDeploymentPostprocessing = 0;
		};
/* End PBXSourcesBuildPhase section */

/* Begin PBXTargetDependency section */
		B7F90502233BE65F00BAB468 /* PBXTargetDependency */ = {
			isa = PBXTargetDependency;
			target = B7F904E9233BE65E00BAB468 /* Tip__Calculator */;
			targetProxy = B7F90501233BE65F00BAB468 /* PBXContainerItemProxy */;
		};
/* End PBXTargetDependency section */

/* Begin PBXVariantGroup section */
		B7F904F3233BE65E00BAB468 /* Main.storyboard */ = {
			isa = PBXVariantGroup;
			children = (
				B7F904F4233BE65E00BAB468 /* Base */,
			);
			name = Main.storyboard;
			sourceTree = "<group>";
		};
		B7F904F8233BE65F00BAB468 /* LaunchScreen.storyboard */ = {
			isa = PBXVariantGroup;
			children = (
				B7F904F9233BE65F00BAB468 /* Base */,
			);
			name = LaunchScreen.storyboard;
			sourceTree = "<group>";
		};
/* End PBXVariantGroup section */

/* Begin XCBuildConfiguration section */
		B7F90507233BE65F00BAB468 /* Debug */ = {
			isa = XCBuildConfiguration;
			buildSettings = {
				ALWAYS_SEARCH_USER_PATHS = NO;
				CLANG_ANALYZER_NONNULL = YES;
				CLANG_ANALYZER_NUMBER_OBJECT_CONVERSION = YES_AGGRESSIVE;
				CLANG_CXX_LANGUAGE_STANDARD = "gnu++14";
				CLANG_CXX_LIBRARY = "libc++";
				CLANG_ENABLE_MODULES = YES;
				CLANG_ENABLE_OBJC_ARC = YES;
				CLANG_ENABLE_OBJC_WEAK = YES;
				CLANG_WARN_BLOCK_CAPTURE_AUTORELEASING = YES;
				CLANG_WARN_BOOL_CONVERSION = YES;
				CLANG_WARN_COMMA = YES;
				CLANG_WARN_CONSTANT_CONVERSION = YES;
				CLANG_WARN_DEPRECATED_OBJC_IMPLEMENTATIONS = YES;
				CLANG_WARN_DIRECT_OBJC_ISA_USAGE = YES_ERROR;
				CLANG_WARN_DOCUMENTATION_COMMENTS = YES;
				CLANG_WARN_EMPTY_BODY = YES;
				CLANG_WARN_ENUM_CONVERSION = YES;
				CLANG_WARN_INFINITE_RECURSION = YES;
				CLANG_WARN_INT_CONVERSION = YES;
				CLANG_WARN_NON_LITERAL_NULL_CONVERSION = YES;
				CLANG_WARN_OBJC_IMPLICIT_RETAIN_SELF = YES;
				CLANG_WARN_OBJC_LITERAL_CONVERSION = YES;
				CLANG_WARN_OBJC_ROOT_CLASS = YES_ERROR;
				CLANG_WARN_RANGE_LOOP_ANALYSIS = YES;
				CLANG_WARN_STRICT_PROTOTYPES = YES;
				CLANG_WARN_SUSPICIOUS_MOVE = YES;
				CLANG_WARN_UNGUARDED_AVAILABILITY = YES_AGGRESSIVE;
				CLANG_WARN_UNREACHABLE_CODE = YES;
				CLANG_WARN__DUPLICATE_METHOD_MATCH = YES;
				COPY_PHASE_STRIP = NO;
				DEBUG_INFORMATION_FORMAT = dwarf;
				ENABLE_STRICT_OBJC_MSGSEND = YES;
				ENABLE_TESTABILITY = YES;
				GCC_C_LANGUAGE_STANDARD = gnu11;
				GCC_DYNAMIC_NO_PIC = NO;
				GCC_NO_COMMON_BLOCKS = YES;
				GCC_OPTIMIZATION_LEVEL = 0;
				GCC_PREPROCESSOR_DEFINITIONS = (
					"DEBUG=1",
					"$(inherited)",
				);
				GCC_WARN_64_TO_32_BIT_CONVERSION = YES;
				GCC_WARN_ABOUT_RETURN_TYPE = YES_ERROR;
				GCC_WARN_UNDECLARED_SELECTOR = YES;
				GCC_WARN_UNINITIALIZED_AUTOS = YES_AGGRESSIVE;
				GCC_WARN_UNUSED_FUNCTION = YES;
				GCC_WARN_UNUSED_VARIABLE = YES;
				IPHONEOS_DEPLOYMENT_TARGET = 13.0;
				MTL_ENABLE_DEBUG_INFO = INCLUDE_SOURCE;
				MTL_FAST_MATH = YES;
				ONLY_ACTIVE_ARCH = YES;
				SDKROOT = iphoneos;
				SWIFT_ACTIVE_COMPILATION_CONDITIONS = DEBUG;
				SWIFT_OPTIMIZATION_LEVEL = "-Onone";
			};
			name = Debug;
		};
		B7F90508233BE65F00BAB468 /* Release */ = {
			isa = XCBuildConfiguration;
			buildSettings = {
				ALWAYS_SEARCH_USER_PATHS = NO;
				CLANG_ANALYZER_NONNULL = YES;
				CLANG_ANALYZER_NUMBER_OBJECT_CONVERSION = YES_AGGRESSIVE;
				CLANG_CXX_LANGUAGE_STANDARD = "gnu++14";
				CLANG_CXX_LIBRARY = "libc++";
				CLANG_ENABLE_MODULES = YES;
				CLANG_ENABLE_OBJC_ARC = YES;
				CLANG_ENABLE_OBJC_WEAK = YES;
				CLANG_WARN_BLOCK_CAPTURE_AUTORELEASING = YES;
				CLANG_WARN_BOOL_CONVERSION = YES;
				CLANG_WARN_COMMA = YES;
				CLANG_WARN_CONSTANT_CONVERSION = YES;
				CLANG_WARN_DEPRECATED_OBJC_IMPLEMENTATIONS = YES;
				CLANG_WARN_DIRECT_OBJC_ISA_USAGE = YES_ERROR;
				CLANG_WARN_DOCUMENTATION_COMMENTS = YES;
				CLANG_WARN_EMPTY_BODY = YES;
				CLANG_WARN_ENUM_CONVERSION = YES;
				CLANG_WARN_INFINITE_RECURSION = YES;
				CLANG_WARN_INT_CONVERSION = YES;
				CLANG_WARN_NON_LITERAL_NULL_CONVERSION = YES;
				CLANG_WARN_OBJC_IMPLICIT_RETAIN_SELF = YES;
				CLANG_WARN_OBJC_LITERAL_CONVERSION = YES;
				CLANG_WARN_OBJC_ROOT_CLASS = YES_ERROR;
				CLANG_WARN_RANGE_LOOP_ANALYSIS = YES;
				CLANG_WARN_STRICT_PROTOTYPES = YES;
				CLANG_WARN_SUSPICIOUS_MOVE = YES;
				CLANG_WARN_UNGUARDED_AVAILABILITY = YES_AGGRESSIVE;
				CLANG_WARN_UNREACHABLE_CODE = YES;
				CLANG_WARN__DUPLICATE_METHOD_MATCH = YES;
				COPY_PHASE_STRIP = NO;
				DEBUG_INFORMATION_FORMAT = "dwarf-with-dsym";
				ENABLE_NS_ASSERTIONS = NO;
				ENABLE_STRICT_OBJC_MSGSEND = YES;
				GCC_C_LANGUAGE_STANDARD = gnu11;
				GCC_NO_COMMON_BLOCKS = YES;
				GCC_WARN_64_TO_32_BIT_CONVERSION = YES;
				GCC_WARN_ABOUT_RETURN_TYPE = YES_ERROR;
				GCC_WARN_UNDECLARED_SELECTOR = YES;
				GCC_WARN_UNINITIALIZED_AUTOS = YES_AGGRESSIVE;
				GCC_WARN_UNUSED_FUNCTION = YES;
				GCC_WARN_UNUSED_VARIABLE = YES;
				IPHONEOS_DEPLOYMENT_TARGET = 13.0;
				MTL_ENABLE_DEBUG_INFO = NO;
				MTL_FAST_MATH = YES;
				SDKROOT = iphoneos;
				SWIFT_COMPILATION_MODE = wholemodule;
				SWIFT_OPTIMIZATION_LEVEL = "-O";
				VALIDATE_PRODUCT = YES;
			};
			name = Release;
		};
		B7F9050A233BE65F00BAB468 /* Debug */ = {
			isa = XCBuildConfiguration;
			buildSettings = {
				ASSETCATALOG_COMPILER_APPICON_NAME = AppIcon;
				CODE_SIGN_STYLE = Automatic;
				INFOPLIST_FILE = Tip__Calculator/Info.plist;
				LD_RUNPATH_SEARCH_PATHS = (
					"$(inherited)",
					"@executable_path/Frameworks",
				);
				PRODUCT_BUNDLE_IDENTIFIER = "com.exampe.Tip--Calculator";
				PRODUCT_NAME = "$(TARGET_NAME)";
				SWIFT_VERSION = 5.0;
				TARGETED_DEVICE_FAMILY = "1,2";
			};
			name = Debug;
		};
		B7F9050B233BE65F00BAB468 /* Release */ = {
			isa = XCBuildConfiguration;
			buildSettings = {
				ASSETCATALOG_COMPILER_APPICON_NAME = AppIcon;
				CODE_SIGN_STYLE = Automatic;
				INFOPLIST_FILE = Tip__Calculator/Info.plist;
				LD_RUNPATH_SEARCH_PATHS = (
					"$(inherited)",
					"@executable_path/Frameworks",
				);
				PRODUCT_BUNDLE_IDENTIFIER = "com.exampe.Tip--Calculator";
				PRODUCT_NAME = "$(TARGET_NAME)";
				SWIFT_VERSION = 5.0;
				TARGETED_DEVICE_FAMILY = "1,2";
			};
			name = Release;
		};
		B7F9050D233BE65F00BAB468 /* Debug */ = {
			isa = XCBuildConfiguration;
			buildSettings = {
				ALWAYS_EMBED_SWIFT_STANDARD_LIBRARIES = YES;
				BUNDLE_LOADER = "$(TEST_HOST)";
				CODE_SIGN_STYLE = Automatic;
				INFOPLIST_FILE = Tip__CalculatorTests/Info.plist;
				IPHONEOS_DEPLOYMENT_TARGET = 13.0;
				LD_RUNPATH_SEARCH_PATHS = (
					"$(inherited)",
					"@executable_path/Frameworks",
					"@loader_path/Frameworks",
				);
				PRODUCT_BUNDLE_IDENTIFIER = "com.exampe.Tip--CalculatorTests";
				PRODUCT_NAME = "$(TARGET_NAME)";
				SWIFT_VERSION = 5.0;
				TARGETED_DEVICE_FAMILY = "1,2";
				TEST_HOST = "$(BUILT_PRODUCTS_DIR)/Tip__Calculator.app/Tip__Calculator";
			};
			name = Debug;
		};
		B7F9050E233BE65F00BAB468 /* Release */ = {
			isa = XCBuildConfiguration;
			buildSettings = {
				ALWAYS_EMBED_SWIFT_STANDARD_LIBRARIES = YES;
				BUNDLE_LOADER = "$(TEST_HOST)";
				CODE_SIGN_STYLE = Automatic;
				INFOPLIST_FILE = Tip__CalculatorTests/Info.plist;
				IPHONEOS_DEPLOYMENT_TARGET = 13.0;
				LD_RUNPATH_SEARCH_PATHS = (
					"$(inherited)",
					"@executable_path/Frameworks",
					"@loader_path/Frameworks",
				);
				PRODUCT_BUNDLE_IDENTIFIER = "com.exampe.Tip--CalculatorTests";
				PRODUCT_NAME = "$(TARGET_NAME)";
				SWIFT_VERSION = 5.0;
				TARGETED_DEVICE_FAMILY = "1,2";
				TEST_HOST = "$(BUILT_PRODUCTS_DIR)/Tip__Calculator.app/Tip__Calculator";
			};
			name = Release;
		};
/* End XCBuildConfiguration section */

/* Begin XCConfigurationList section */
		B7F904E5233BE65E00BAB468 /* Build configuration list for PBXProject "Tip__Calculator" */ = {
			isa = XCConfigurationList;
			buildConfigurations = (
				B7F90507233BE65F00BAB468 /* Debug */,
				B7F90508233BE65F00BAB468 /* Release */,
			);
			defaultConfigurationIsVisible = 0;
			defaultConfigurationName = Release;
		};
		B7F90509233BE65F00BAB468 /* Build configuration list for PBXNativeTarget "Tip__Calculator" */ = {
			isa = XCConfigurationList;
			buildConfigurations = (
				B7F9050A233BE65F00BAB468 /* Debug */,
				B7F9050B233BE65F00BAB468 /* Release */,
			);
			defaultConfigurationIsVisible = 0;
			defaultConfigurationName = Release;
		};
		B7F9050C233BE65F00BAB468 /* Build configuration list for PBXNativeTarget "Tip__CalculatorTests" */ = {
			isa = XCConfigurationList;
			buildConfigurations = (
				B7F9050D233BE65F00BAB468 /* Debug */,
				B7F9050E233BE65F00BAB468 /* Release */,
			);
			defaultConfigurationIsVisible = 0;
			defaultConfigurationName = Release;
		};
/* End XCConfigurationList section */
	};
	rootObject = B7F904E2233BE65E00BAB468 /* Project object */;
}
